Microsoft Visual Studio Solution File, Format Version 12.00
# Visual Studio Version 17
VisualStudioVersion = 17.5.2.0
MinimumVisualStudioVersion = 10.0.40219.1
Project("{2150E333-8FDC-42A3-9474-1A3956D46DE8}") = "src", "src", "{827E0CD3-B72D-47B6-A68D-7590B98EB39B}"
EndProject
Project("{2150E333-8FDC-42A3-9474-1A3956D46DE8}") = "VkEmailService", "VkEmailService", "{E1D45AE1-1C5A-A1E6-C162-88A5CB5A5F23}"
EndProject
Project("{FAE04EC0-301F-11D3-BF4B-00C04F79EFBC}") = "ApiGateway", "src\ApiGateway\ApiGateway.csproj", "{967A9878-9005-C8B0-725C-1F34134168DB}"
EndProject
Project("{2150E333-8FDC-42A3-9474-1A3956D46DE8}") = "Services", "Services", "{984BB9B3-3FA3-BE33-9484-CAC21695A33C}"
EndProject
Project("{FAE04EC0-301F-11D3-BF4B-00C04F79EFBC}") = "ABTesting", "src\Services\ABTesting\ABTesting.csproj", "{BEDE6B21-00F7-2E7F-3457-5AF050CA1400}"
EndProject
Project("{FAE04EC0-301F-11D3-BF4B-00C04F79EFBC}") = "EmailCampaign", "src\Services\EmailCampaign\EmailCampaign.csproj", "{3E565F9E-753B-0AF8-ED3F-C9DE7C3A1DAB}"
EndProject
Project("{FAE04EC0-301F-11D3-BF4B-00C04F79EFBC}") = "UserSegmentation", "src\Services\UserSegmentation\UserSegmentation.csproj", "{BADACEB9-512F-F979-BE31-5402C81BA786}"
EndProject
Project("{FAE04EC0-301F-11D3-BF4B-00C04F79EFBC}") = "Analytics", "src\Services\Analytics\Analytics.csproj", "{274B4A3C-564D-7F3A-212C-4959E116E12E}"
EndProject
Project("{2150E333-8FDC-42A3-9474-1A3956D46DE8}") = "src", "src", "{9C233C28-E243-DA36-E8FE-2EB2D1D65E28}"
EndProject
Project("{2150E333-8FDC-42A3-9474-1A3956D46DE8}") = "Shared", "Shared", "{4351461A-A02F-37FE-C862-83B5E651325A}"
EndProject
Project("{FAE04EC0-301F-11D3-BF4B-00C04F79EFBC}") = "Contracts", "VkEmailService\src\Shared\Contracts\Contracts.csproj", "{C1C6AE68-7D64-9077-E4D6-9D648A52A13E}"
EndProject
Project("{FAE04EC0-301F-11D3-BF4B-00C04F79EFBC}") = "Common", "VkEmailService\src\Shared\Common\Common.csproj", "{EB275F07-77A1-54E8-1E4C-E4790834BE3A}"
EndProject
Project("{FAE04EC0-301F-11D3-BF4B-00C04F79EFBC}") = "Infrastructure", "VkEmailService\src\Shared\Infrastructure\Infrastructure.csproj", "{1544F163-0382-EA53-466F-8A9FDF5C7A31}"
EndProject
Global
	GlobalSection(SolutionConfigurationPlatforms) = preSolution
		Debug|Any CPU = Debug|Any CPU
		Release|Any CPU = Release|Any CPU
	EndGlobalSection
	GlobalSection(ProjectConfigurationPlatforms) = postSolution
		{967A9878-9005-C8B0-725C-1F34134168DB}.Debug|Any CPU.ActiveCfg = Debug|Any CPU
		{967A9878-9005-C8B0-725C-1F34134168DB}.Debug|Any CPU.Build.0 = Debug|Any CPU
		{967A9878-9005-C8B0-725C-1F34134168DB}.Release|Any CPU.ActiveCfg = Release|Any CPU
		{967A9878-9005-C8B0-725C-1F34134168DB}.Release|Any CPU.Build.0 = Release|Any CPU
		{BEDE6B21-00F7-2E7F-3457-5AF050CA1400}.Debug|Any CPU.ActiveCfg = Debug|Any CPU
		{BEDE6B21-00F7-2E7F-3457-5AF050CA1400}.Debug|Any CPU.Build.0 = Debug|Any CPU
		{BEDE6B21-00F7-2E7F-3457-5AF050CA1400}.Release|Any CPU.ActiveCfg = Release|Any CPU
		{BEDE6B21-00F7-2E7F-3457-5AF050CA1400}.Release|Any CPU.Build.0 = Release|Any CPU
		{3E565F9E-753B-0AF8-ED3F-C9DE7C3A1DAB}.Debug|Any CPU.ActiveCfg = Debug|Any CPU
		{3E565F9E-753B-0AF8-ED3F-C9DE7C3A1DAB}.Debug|Any CPU.Build.0 = Debug|Any CPU
		{3E565F9E-753B-0AF8-ED3F-C9DE7C3A1DAB}.Release|Any CPU.ActiveCfg = Release|Any CPU
		{3E565F9E-753B-0AF8-ED3F-C9DE7C3A1DAB}.Release|Any CPU.Build.0 = Release|Any CPU
		{BADACEB9-512F-F979-BE31-5402C81BA786}.Debug|Any CPU.ActiveCfg = Debug|Any CPU
		{BADACEB9-512F-F979-BE31-5402C81BA786}.Debug|Any CPU.Build.0 = Debug|Any CPU
		{BADACEB9-512F-F979-BE31-5402C81BA786}.Release|Any CPU.ActiveCfg = Release|Any CPU
		{BADACEB9-512F-F979-BE31-5402C81BA786}.Release|Any CPU.Build.0 = Release|Any CPU
		{274B4A3C-564D-7F3A-212C-4959E116E12E}.Debug|Any CPU.ActiveCfg = Debug|Any CPU
		{274B4A3C-564D-7F3A-212C-4959E116E12E}.Debug|Any CPU.Build.0 = Debug|Any CPU
		{274B4A3C-564D-7F3A-212C-4959E116E12E}.Release|Any CPU.ActiveCfg = Release|Any CPU
		{274B4A3C-564D-7F3A-212C-4959E116E12E}.Release|Any CPU.Build.0 = Release|Any CPU
		{C1C6AE68-7D64-9077-E4D6-9D648A52A13E}.Debug|Any CPU.ActiveCfg = Debug|Any CPU
		{C1C6AE68-7D64-9077-E4D6-9D648A52A13E}.Debug|Any CPU.Build.0 = Debug|Any CPU
		{C1C6AE68-7D64-9077-E4D6-9D648A52A13E}.Release|Any CPU.ActiveCfg = Release|Any CPU
		{C1C6AE68-7D64-9077-E4D6-9D648A52A13E}.Release|Any CPU.Build.0 = Release|Any CPU
		{EB275F07-77A1-54E8-1E4C-E4790834BE3A}.Debug|Any CPU.ActiveCfg = Debug|Any CPU
		{EB275F07-77A1-54E8-1E4C-E4790834BE3A}.Debug|Any CPU.Build.0 = Debug|Any CPU
		{EB275F07-77A1-54E8-1E4C-E4790834BE3A}.Release|Any CPU.ActiveCfg = Release|Any CPU
		{EB275F07-77A1-54E8-1E4C-E4790834BE3A}.Release|Any CPU.Build.0 = Release|Any CPU
		{1544F163-0382-EA53-466F-8A9FDF5C7A31}.Debug|Any CPU.ActiveCfg = Debug|Any CPU
		{1544F163-0382-EA53-466F-8A9FDF5C7A31}.Debug|Any CPU.Build.0 = Debug|Any CPU
		{1544F163-0382-EA53-466F-8A9FDF5C7A31}.Release|Any CPU.ActiveCfg = Release|Any CPU
		{1544F163-0382-EA53-466F-8A9FDF5C7A31}.Release|Any CPU.Build.0 = Release|Any CPU
	EndGlobalSection
	GlobalSection(SolutionProperties) = preSolution
		HideSolutionNode = FALSE
	EndGlobalSection
	GlobalSection(NestedProjects) = preSolution
		{967A9878-9005-C8B0-725C-1F34134168DB} = {827E0CD3-B72D-47B6-A68D-7590B98EB39B}
		{984BB9B3-3FA3-BE33-9484-CAC21695A33C} = {827E0CD3-B72D-47B6-A68D-7590B98EB39B}
		{BEDE6B21-00F7-2E7F-3457-5AF050CA1400} = {984BB9B3-3FA3-BE33-9484-CAC21695A33C}
		{3E565F9E-753B-0AF8-ED3F-C9DE7C3A1DAB} = {984BB9B3-3FA3-BE33-9484-CAC21695A33C}
		{BADACEB9-512F-F979-BE31-5402C81BA786} = {984BB9B3-3FA3-BE33-9484-CAC21695A33C}
		{274B4A3C-564D-7F3A-212C-4959E116E12E} = {984BB9B3-3FA3-BE33-9484-CAC21695A33C}
		{9C233C28-E243-DA36-E8FE-2EB2D1D65E28} = {E1D45AE1-1C5A-A1E6-C162-88A5CB5A5F23}
		{4351461A-A02F-37FE-C862-83B5E651325A} = {9C233C28-E243-DA36-E8FE-2EB2D1D65E28}
		{C1C6AE68-7D64-9077-E4D6-9D648A52A13E} = {4351461A-A02F-37FE-C862-83B5E651325A}
		{EB275F07-77A1-54E8-1E4C-E4790834BE3A} = {4351461A-A02F-37FE-C862-83B5E651325A}
		{1544F163-0382-EA53-466F-8A9FDF5C7A31} = {4351461A-A02F-37FE-C862-83B5E651325A}
	EndGlobalSection
	GlobalSection(ExtensibilityGlobals) = postSolution
		SolutionGuid = {CBF81C9D-26D1-4B9F-9996-ED610B4EB473}
	EndGlobalSection
EndGlobal
